// !$*UTF8*$!
{
	archiveVersion = 1;
	classes = {
	};
	objectVersion = 56;
	objects = {

/* Begin PBXBuildFile section */
		FA17B7EF29FA3C23000543BF /* AppDelegate.swift in Sources */ = {isa = PBXBuildFile; fileRef = FA17B7EE29FA3C23000543BF /* AppDelegate.swift */; };
		FA17B7F129FA3C23000543BF /* SceneDelegate.swift in Sources */ = {isa = PBXBuildFile; fileRef = FA17B7F029FA3C23000543BF /* SceneDelegate.swift */; };
		FA17B7F629FA3C23000543BF /* Main.storyboard in Resources */ = {isa = PBXBuildFile; fileRef = FA17B7F429FA3C23000543BF /* Main.storyboard */; };
		FA17B7F829FA3C25000543BF /* Assets.xcassets in Resources */ = {isa = PBXBuildFile; fileRef = FA17B7F729FA3C25000543BF /* Assets.xcassets */; };
		FA17B7FB29FA3C25000543BF /* LaunchScreen.storyboard in Resources */ = {isa = PBXBuildFile; fileRef = FA17B7F929FA3C25000543BF /* LaunchScreen.storyboard */; };
		FA17B80329FA3DF2000543BF /* CountriesViewController.swift in Sources */ = {isa = PBXBuildFile; fileRef = FA17B80229FA3DF2000543BF /* CountriesViewController.swift */; };
		FA17B80629FA4094000543BF /* CountryCellContent.swift in Sources */ = {isa = PBXBuildFile; fileRef = FA17B80529FA4094000543BF /* CountryCellContent.swift */; };
		FA17B80A29FA5BC4000543BF /* String+Utils.swift in Sources */ = {isa = PBXBuildFile; fileRef = FA17B80929FA5BC4000543BF /* String+Utils.swift */; };
		FA17B80D29FA6785000543BF /* CountryListProvider.swift in Sources */ = {isa = PBXBuildFile; fileRef = FA17B80C29FA6785000543BF /* CountryListProvider.swift */; };
		FA17B81129FA7EBD000543BF /* countries.json in Resources */ = {isa = PBXBuildFile; fileRef = FA17B81029FA7EBD000543BF /* countries.json */; };
		FA17B81329FA7EEB000543BF /* CountryListProviderMock.swift in Sources */ = {isa = PBXBuildFile; fileRef = FA17B81229FA7EEB000543BF /* CountryListProviderMock.swift */; };
		FA17B81729FA9071000543BF /* CountryCellConfiguration.swift in Sources */ = {isa = PBXBuildFile; fileRef = FA17B81629FA9071000543BF /* CountryCellConfiguration.swift */; };
		FA17B81929FA90CF000543BF /* CountryBasicInfo.swift in Sources */ = {isa = PBXBuildFile; fileRef = FA17B81829FA90CF000543BF /* CountryBasicInfo.swift */; };
		FA17B81B29FA91E1000543BF /* CountriesViewController+DataSource.swift in Sources */ = {isa = PBXBuildFile; fileRef = FA17B81A29FA91E1000543BF /* CountriesViewController+DataSource.swift */; };
		FA17B82329FABB83000543BF /* FoapTestTests.swift in Sources */ = {isa = PBXBuildFile; fileRef = FA17B82229FABB83000543BF /* FoapTestTests.swift */; };
		FA17B82B29FABC49000543BF /* PreviewUtils.swift in Sources */ = {isa = PBXBuildFile; fileRef = FA17B82A29FABC49000543BF /* PreviewUtils.swift */; };
		FA2231AA29FB821A00CB44FB /* CountriesAPI in Frameworks */ = {isa = PBXBuildFile; productRef = FA2231A929FB821A00CB44FB /* CountriesAPI */; };
		FA2231AC29FB82B200CB44FB /* CountriesAPITests.swift in Sources */ = {isa = PBXBuildFile; fileRef = FA2231AB29FB82B200CB44FB /* CountriesAPITests.swift */; };
		FA2231B029FB88B500CB44FB /* CountriesAPITestMocks in Frameworks */ = {isa = PBXBuildFile; productRef = FA2231AF29FB88B500CB44FB /* CountriesAPITestMocks */; };
		FA2231B229FBECE000CB44FB /* CountriesRefreshController.swift in Sources */ = {isa = PBXBuildFile; fileRef = FA2231B129FBECE000CB44FB /* CountriesRefreshController.swift */; };
		FA2231B629FBF05500CB44FB /* PopupNotification.m in Sources */ = {isa = PBXBuildFile; fileRef = FA2231B529FBF05500CB44FB /* PopupNotification.m */; };
		FA2231BE29FC0C2100CB44FB /* UIApplication+KeyWindow.m in Sources */ = {isa = PBXBuildFile; fileRef = FA2231BD29FC0C2100CB44FB /* UIApplication+KeyWindow.m */; };
		FA2231C129FC13E400CB44FB /* CountryDetailsViewController.swift in Sources */ = {isa = PBXBuildFile; fileRef = FA2231C029FC13E400CB44FB /* CountryDetailsViewController.swift */; };
		FA2231C429FC144F00CB44FB /* CountryDetailsConfig.swift in Sources */ = {isa = PBXBuildFile; fileRef = FA2231C329FC144F00CB44FB /* CountryDetailsConfig.swift */; };
		FA2231C729FC161E00CB44FB /* CountryDetailsProvider.swift in Sources */ = {isa = PBXBuildFile; fileRef = FA2231C629FC161E00CB44FB /* CountryDetailsProvider.swift */; };
		FA2231CA29FC1A2900CB44FB /* BackendClient.swift in Sources */ = {isa = PBXBuildFile; fileRef = FA2231C929FC1A2900CB44FB /* BackendClient.swift */; };
		FA2231CE29FC421300CB44FB /* CountryDetailsView.swift in Sources */ = {isa = PBXBuildFile; fileRef = FA2231CD29FC421300CB44FB /* CountryDetailsView.swift */; };
		FA2231D429FC63D700CB44FB /* CountriesAPITestMocks in Frameworks */ = {isa = PBXBuildFile; productRef = FA2231D329FC63D700CB44FB /* CountriesAPITestMocks */; };
		FA2231D629FC6AC900CB44FB /* CountryDetailsProviderMock.swift in Sources */ = {isa = PBXBuildFile; fileRef = FA2231D529FC6AC900CB44FB /* CountryDetailsProviderMock.swift */; };
		FA56805029FAF47200416F0F /* Apollo in Frameworks */ = {isa = PBXBuildFile; productRef = FA56804F29FAF47200416F0F /* Apollo */; };
/* End PBXBuildFile section */

/* Begin PBXContainerItemProxy section */
		FA17B82429FABB83000543BF /* PBXContainerItemProxy */ = {
			isa = PBXContainerItemProxy;
			containerPortal = FA17B7E329FA3C23000543BF /* Project object */;
			proxyType = 1;
			remoteGlobalIDString = FA17B7EA29FA3C23000543BF;
			remoteInfo = FoapTest;
		};
/* End PBXContainerItemProxy section */

/* Begin PBXFileReference section */
		FA17B7EB29FA3C23000543BF /* FoapTest.app */ = {isa = PBXFileReference; explicitFileType = wrapper.application; includeInIndex = 0; path = FoapTest.app; sourceTree = BUILT_PRODUCTS_DIR; };
		FA17B7EE29FA3C23000543BF /* AppDelegate.swift */ = {isa = PBXFileReference; lastKnownFileType = sourcecode.swift; path = AppDelegate.swift; sourceTree = "<group>"; };
		FA17B7F029FA3C23000543BF /* SceneDelegate.swift */ = {isa = PBXFileReference; lastKnownFileType = sourcecode.swift; path = SceneDelegate.swift; sourceTree = "<group>"; };
		FA17B7F529FA3C23000543BF /* Base */ = {isa = PBXFileReference; lastKnownFileType = file.storyboard; name = Base; path = Base.lproj/Main.storyboard; sourceTree = "<group>"; };
		FA17B7F729FA3C25000543BF /* Assets.xcassets */ = {isa = PBXFileReference; lastKnownFileType = folder.assetcatalog; path = Assets.xcassets; sourceTree = "<group>"; };
		FA17B7FA29FA3C25000543BF /* Base */ = {isa = PBXFileReference; lastKnownFileType = file.storyboard; name = Base; path = Base.lproj/LaunchScreen.storyboard; sourceTree = "<group>"; };
		FA17B7FC29FA3C25000543BF /* Info.plist */ = {isa = PBXFileReference; lastKnownFileType = text.plist.xml; path = Info.plist; sourceTree = "<group>"; };
		FA17B80229FA3DF2000543BF /* CountriesViewController.swift */ = {isa = PBXFileReference; lastKnownFileType = sourcecode.swift; path = CountriesViewController.swift; sourceTree = "<group>"; };
		FA17B80529FA4094000543BF /* CountryCellContent.swift */ = {isa = PBXFileReference; lastKnownFileType = sourcecode.swift; path = CountryCellContent.swift; sourceTree = "<group>"; };
		FA17B80929FA5BC4000543BF /* String+Utils.swift */ = {isa = PBXFileReference; lastKnownFileType = sourcecode.swift; path = "String+Utils.swift"; sourceTree = "<group>"; };
		FA17B80C29FA6785000543BF /* CountryListProvider.swift */ = {isa = PBXFileReference; lastKnownFileType = sourcecode.swift; path = CountryListProvider.swift; sourceTree = "<group>"; };
		FA17B81029FA7EBD000543BF /* countries.json */ = {isa = PBXFileReference; fileEncoding = 4; lastKnownFileType = text.json; path = countries.json; sourceTree = "<group>"; };
		FA17B81229FA7EEB000543BF /* CountryListProviderMock.swift */ = {isa = PBXFileReference; lastKnownFileType = sourcecode.swift; path = CountryListProviderMock.swift; sourceTree = "<group>"; };
		FA17B81629FA9071000543BF /* CountryCellConfiguration.swift */ = {isa = PBXFileReference; lastKnownFileType = sourcecode.swift; path = CountryCellConfiguration.swift; sourceTree = "<group>"; };
		FA17B81829FA90CF000543BF /* CountryBasicInfo.swift */ = {isa = PBXFileReference; lastKnownFileType = sourcecode.swift; path = CountryBasicInfo.swift; sourceTree = "<group>"; };
		FA17B81A29FA91E1000543BF /* CountriesViewController+DataSource.swift */ = {isa = PBXFileReference; lastKnownFileType = sourcecode.swift; path = "CountriesViewController+DataSource.swift"; sourceTree = "<group>"; };
		FA17B82029FABB83000543BF /* FoapTestTests.xctest */ = {isa = PBXFileReference; explicitFileType = wrapper.cfbundle; includeInIndex = 0; path = FoapTestTests.xctest; sourceTree = BUILT_PRODUCTS_DIR; };
		FA17B82229FABB83000543BF /* FoapTestTests.swift */ = {isa = PBXFileReference; lastKnownFileType = sourcecode.swift; path = FoapTestTests.swift; sourceTree = "<group>"; };
		FA17B82A29FABC49000543BF /* PreviewUtils.swift */ = {isa = PBXFileReference; lastKnownFileType = sourcecode.swift; path = PreviewUtils.swift; sourceTree = "<group>"; };
		FA2231AB29FB82B200CB44FB /* CountriesAPITests.swift */ = {isa = PBXFileReference; lastKnownFileType = sourcecode.swift; path = CountriesAPITests.swift; sourceTree = "<group>"; };
		FA2231B129FBECE000CB44FB /* CountriesRefreshController.swift */ = {isa = PBXFileReference; lastKnownFileType = sourcecode.swift; path = CountriesRefreshController.swift; sourceTree = "<group>"; };
		FA2231B429FBF05500CB44FB /* FoapTest-Bridging-Header.h */ = {isa = PBXFileReference; lastKnownFileType = sourcecode.c.h; path = "FoapTest-Bridging-Header.h"; sourceTree = "<group>"; };
		FA2231B529FBF05500CB44FB /* PopupNotification.m */ = {isa = PBXFileReference; lastKnownFileType = sourcecode.c.objc; path = PopupNotification.m; sourceTree = "<group>"; };
		FA2231B729FBF56700CB44FB /* PopupNotification.h */ = {isa = PBXFileReference; lastKnownFileType = sourcecode.c.h; path = PopupNotification.h; sourceTree = "<group>"; };
		FA2231BC29FC0C2100CB44FB /* UIApplication+KeyWindow.h */ = {isa = PBXFileReference; lastKnownFileType = sourcecode.c.h; path = "UIApplication+KeyWindow.h"; sourceTree = "<group>"; };
		FA2231BD29FC0C2100CB44FB /* UIApplication+KeyWindow.m */ = {isa = PBXFileReference; lastKnownFileType = sourcecode.c.objc; path = "UIApplication+KeyWindow.m"; sourceTree = "<group>"; };
		FA2231C029FC13E400CB44FB /* CountryDetailsViewController.swift */ = {isa = PBXFileReference; lastKnownFileType = sourcecode.swift; path = CountryDetailsViewController.swift; sourceTree = "<group>"; };
		FA2231C329FC144F00CB44FB /* CountryDetailsConfig.swift */ = {isa = PBXFileReference; lastKnownFileType = sourcecode.swift; path = CountryDetailsConfig.swift; sourceTree = "<group>"; };
		FA2231C629FC161E00CB44FB /* CountryDetailsProvider.swift */ = {isa = PBXFileReference; lastKnownFileType = sourcecode.swift; path = CountryDetailsProvider.swift; sourceTree = "<group>"; };
		FA2231C929FC1A2900CB44FB /* BackendClient.swift */ = {isa = PBXFileReference; lastKnownFileType = sourcecode.swift; path = BackendClient.swift; sourceTree = "<group>"; };
		FA2231CD29FC421300CB44FB /* CountryDetailsView.swift */ = {isa = PBXFileReference; lastKnownFileType = sourcecode.swift; path = CountryDetailsView.swift; sourceTree = "<group>"; };
		FA2231D529FC6AC900CB44FB /* CountryDetailsProviderMock.swift */ = {isa = PBXFileReference; lastKnownFileType = sourcecode.swift; path = CountryDetailsProviderMock.swift; sourceTree = "<group>"; };
		FA2AC82229FB81EB0040658E /* CountriesAPI */ = {isa = PBXFileReference; lastKnownFileType = wrapper; path = CountriesAPI; sourceTree = "<group>"; };
/* End PBXFileReference section */

/* Begin PBXFrameworksBuildPhase section */
		FA17B7E829FA3C23000543BF /* Frameworks */ = {
			isa = PBXFrameworksBuildPhase;
			buildActionMask = 2147483647;
			files = (
				FA2231D429FC63D700CB44FB /* CountriesAPITestMocks in Frameworks */,
				FA2231AA29FB821A00CB44FB /* CountriesAPI in Frameworks */,
				FA56805029FAF47200416F0F /* Apollo in Frameworks */,
			);
			runOnlyForDeploymentPostprocessing = 0;
		};
		FA17B81D29FABB83000543BF /* Frameworks */ = {
			isa = PBXFrameworksBuildPhase;
			buildActionMask = 2147483647;
			files = (
				FA2231B029FB88B500CB44FB /* CountriesAPITestMocks in Frameworks */,
			);
			runOnlyForDeploymentPostprocessing = 0;
		};
/* End PBXFrameworksBuildPhase section */

/* Begin PBXGroup section */
		FA17B7E229FA3C23000543BF = {
			isa = PBXGroup;
			children = (
				FA56804829FAF3CC00416F0F /* libs */,
				FA17B7ED29FA3C23000543BF /* FoapTest */,
				FA17B82129FABB83000543BF /* FoapTestTests */,
				FA17B7EC29FA3C23000543BF /* Products */,
				FA56804B29FAF3F700416F0F /* Frameworks */,
			);
			sourceTree = "<group>";
		};
		FA17B7EC29FA3C23000543BF /* Products */ = {
			isa = PBXGroup;
			children = (
				FA17B7EB29FA3C23000543BF /* FoapTest.app */,
				FA17B82029FABB83000543BF /* FoapTestTests.xctest */,
			);
			name = Products;
			sourceTree = "<group>";
		};
		FA17B7ED29FA3C23000543BF /* FoapTest */ = {
			isa = PBXGroup;
			children = (
				FA17B7EE29FA3C23000543BF /* AppDelegate.swift */,
				FA17B7F029FA3C23000543BF /* SceneDelegate.swift */,
				FA2231C829FC19D600CB44FB /* Service */,
				FA17B80829FA5B99000543BF /* Extensions */,
				FA17B80429FA3E1B000543BF /* ViewControllers */,
				FA17B80F29FA7E90000543BF /* Preview Content */,
				FA17B7F429FA3C23000543BF /* Main.storyboard */,
				FA17B7F729FA3C25000543BF /* Assets.xcassets */,
				FA17B7F929FA3C25000543BF /* LaunchScreen.storyboard */,
				FA17B7FC29FA3C25000543BF /* Info.plist */,
				FA2231B429FBF05500CB44FB /* FoapTest-Bridging-Header.h */,
			);
			path = FoapTest;
			sourceTree = "<group>";
		};
		FA17B80429FA3E1B000543BF /* ViewControllers */ = {
			isa = PBXGroup;
			children = (
				FA17B80B29FA63CE000543BF /* Countries */,
				FA2231BF29FC133400CB44FB /* CountryDetails */,
			);
			path = ViewControllers;
			sourceTree = "<group>";
		};
		FA17B80829FA5B99000543BF /* Extensions */ = {
			isa = PBXGroup;
			children = (
				FA17B80929FA5BC4000543BF /* String+Utils.swift */,
			);
			path = Extensions;
			sourceTree = "<group>";
		};
		FA17B80B29FA63CE000543BF /* Countries */ = {
			isa = PBXGroup;
			children = (
				FA17B80229FA3DF2000543BF /* CountriesViewController.swift */,
				FA17B80E29FA678A000543BF /* Model */,
				FA2231B329FBECE500CB44FB /* Service */,
				FA2231CC29FC415F00CB44FB /* View */,
			);
			path = Countries;
			sourceTree = "<group>";
		};
		FA17B80E29FA678A000543BF /* Model */ = {
			isa = PBXGroup;
			children = (
				FA17B81A29FA91E1000543BF /* CountriesViewController+DataSource.swift */,
				FA17B81829FA90CF000543BF /* CountryBasicInfo.swift */,
				FA17B81629FA9071000543BF /* CountryCellConfiguration.swift */,
			);
			path = Model;
			sourceTree = "<group>";
		};
		FA17B80F29FA7E90000543BF /* Preview Content */ = {
			isa = PBXGroup;
			children = (
				FA17B81029FA7EBD000543BF /* countries.json */,
				FA17B82A29FABC49000543BF /* PreviewUtils.swift */,
				FA2231D529FC6AC900CB44FB /* CountryDetailsProviderMock.swift */,
			);
			path = "Preview Content";
			sourceTree = "<group>";
		};
		FA17B82129FABB83000543BF /* FoapTestTests */ = {
			isa = PBXGroup;
			children = (
				FA17B82229FABB83000543BF /* FoapTestTests.swift */,
				FA2231AB29FB82B200CB44FB /* CountriesAPITests.swift */,
			);
			path = FoapTestTests;
			sourceTree = "<group>";
		};
		FA2231B329FBECE500CB44FB /* Service */ = {
			isa = PBXGroup;
			children = (
				FA17B80C29FA6785000543BF /* CountryListProvider.swift */,
				FA17B81229FA7EEB000543BF /* CountryListProviderMock.swift */,
				FA2231B129FBECE000CB44FB /* CountriesRefreshController.swift */,
			);
			path = Service;
			sourceTree = "<group>";
		};
		FA2231B829FBF64100CB44FB /* PopupNotification */ = {
			isa = PBXGroup;
			children = (
				FA2231B729FBF56700CB44FB /* PopupNotification.h */,
				FA2231B529FBF05500CB44FB /* PopupNotification.m */,
				FA2231BC29FC0C2100CB44FB /* UIApplication+KeyWindow.h */,
				FA2231BD29FC0C2100CB44FB /* UIApplication+KeyWindow.m */,
			);
			path = PopupNotification;
			sourceTree = "<group>";
		};
		FA2231BF29FC133400CB44FB /* CountryDetails */ = {
			isa = PBXGroup;
			children = (
				FA2231C029FC13E400CB44FB /* CountryDetailsViewController.swift */,
				FA2231CB29FC415000CB44FB /* View */,
				FA2231C529FC15F100CB44FB /* Service */,
				FA2231C229FC140D00CB44FB /* Model */,
			);
			path = CountryDetails;
			sourceTree = "<group>";
		};
		FA2231C229FC140D00CB44FB /* Model */ = {
			isa = PBXGroup;
			children = (
				FA2231C329FC144F00CB44FB /* CountryDetailsConfig.swift */,
			);
			path = Model;
			sourceTree = "<group>";
		};
		FA2231C529FC15F100CB44FB /* Service */ = {
			isa = PBXGroup;
			children = (
				FA2231C629FC161E00CB44FB /* CountryDetailsProvider.swift */,
			);
			path = Service;
			sourceTree = "<group>";
		};
		FA2231C829FC19D600CB44FB /* Service */ = {
			isa = PBXGroup;
			children = (
				FA2231B829FBF64100CB44FB /* PopupNotification */,
				FA2231C929FC1A2900CB44FB /* BackendClient.swift */,
			);
			path = Service;
			sourceTree = "<group>";
		};
		FA2231CB29FC415000CB44FB /* View */ = {
			isa = PBXGroup;
			children = (
				FA2231CD29FC421300CB44FB /* CountryDetailsView.swift */,
			);
			path = View;
			sourceTree = "<group>";
		};
		FA2231CC29FC415F00CB44FB /* View */ = {
			isa = PBXGroup;
			children = (
				FA17B80529FA4094000543BF /* CountryCellContent.swift */,
			);
			path = View;
			sourceTree = "<group>";
		};
		FA56804829FAF3CC00416F0F /* libs */ = {
			isa = PBXGroup;
			children = (
				FA2AC82229FB81EB0040658E /* CountriesAPI */,
			);
			path = libs;
			sourceTree = "<group>";
		};
		FA56804B29FAF3F700416F0F /* Frameworks */ = {
			isa = PBXGroup;
			children = (
			);
			name = Frameworks;
			sourceTree = "<group>";
		};
/* End PBXGroup section */

/* Begin PBXNativeTarget section */
		FA17B7EA29FA3C23000543BF /* FoapTest */ = {
			isa = PBXNativeTarget;
			buildConfigurationList = FA17B7FF29FA3C25000543BF /* Build configuration list for PBXNativeTarget "FoapTest" */;
			buildPhases = (
				FA17B7E729FA3C23000543BF /* Sources */,
				FA17B7E829FA3C23000543BF /* Frameworks */,
				FA17B7E929FA3C23000543BF /* Resources */,
			);
			buildRules = (
			);
			dependencies = (
			);
			name = FoapTest;
			packageProductDependencies = (
				FA56804F29FAF47200416F0F /* Apollo */,
				FA2231A929FB821A00CB44FB /* CountriesAPI */,
				FA2231D329FC63D700CB44FB /* CountriesAPITestMocks */,
			);
			productName = FoapTest;
			productReference = FA17B7EB29FA3C23000543BF /* FoapTest.app */;
			productType = "com.apple.product-type.application";
		};
		FA17B81F29FABB83000543BF /* FoapTestTests */ = {
			isa = PBXNativeTarget;
			buildConfigurationList = FA17B82829FABB84000543BF /* Build configuration list for PBXNativeTarget "FoapTestTests" */;
			buildPhases = (
				FA17B81C29FABB83000543BF /* Sources */,
				FA17B81D29FABB83000543BF /* Frameworks */,
				FA17B81E29FABB83000543BF /* Resources */,
			);
			buildRules = (
			);
			dependencies = (
				FA17B82529FABB83000543BF /* PBXTargetDependency */,
			);
			name = FoapTestTests;
			packageProductDependencies = (
				FA2231AF29FB88B500CB44FB /* CountriesAPITestMocks */,
			);
			productName = FoapTestTests;
			productReference = FA17B82029FABB83000543BF /* FoapTestTests.xctest */;
			productType = "com.apple.product-type.bundle.unit-test";
		};
/* End PBXNativeTarget section */

/* Begin PBXProject section */
		FA17B7E329FA3C23000543BF /* Project object */ = {
			isa = PBXProject;
			attributes = {
				BuildIndependentTargetsInParallel = 1;
				LastSwiftUpdateCheck = 1430;
				LastUpgradeCheck = 1430;
				TargetAttributes = {
					FA17B7EA29FA3C23000543BF = {
						CreatedOnToolsVersion = 14.3;
						LastSwiftMigration = 1430;
					};
					FA17B81F29FABB83000543BF = {
						CreatedOnToolsVersion = 14.3;
						TestTargetID = FA17B7EA29FA3C23000543BF;
					};
				};
			};
			buildConfigurationList = FA17B7E629FA3C23000543BF /* Build configuration list for PBXProject "FoapTest" */;
			compatibilityVersion = "Xcode 14.0";
			developmentRegion = en;
			hasScannedForEncodings = 0;
			knownRegions = (
				en,
				Base,
			);
			mainGroup = FA17B7E229FA3C23000543BF;
			packageReferences = (
				FA56804E29FAF47200416F0F /* XCRemoteSwiftPackageReference "apollo-ios" */,
			);
			productRefGroup = FA17B7EC29FA3C23000543BF /* Products */;
			projectDirPath = "";
			projectRoot = "";
			targets = (
				FA17B7EA29FA3C23000543BF /* FoapTest */,
				FA17B81F29FABB83000543BF /* FoapTestTests */,
			);
		};
/* End PBXProject section */

/* Begin PBXResourcesBuildPhase section */
		FA17B7E929FA3C23000543BF /* Resources */ = {
			isa = PBXResourcesBuildPhase;
			buildActionMask = 2147483647;
			files = (
				FA17B7FB29FA3C25000543BF /* LaunchScreen.storyboard in Resources */,
				FA17B7F829FA3C25000543BF /* Assets.xcassets in Resources */,
				FA17B81129FA7EBD000543BF /* countries.json in Resources */,
				FA17B7F629FA3C23000543BF /* Main.storyboard in Resources */,
			);
			runOnlyForDeploymentPostprocessing = 0;
		};
		FA17B81E29FABB83000543BF /* Resources */ = {
			isa = PBXResourcesBuildPhase;
			buildActionMask = 2147483647;
			files = (
			);
			runOnlyForDeploymentPostprocessing = 0;
		};
/* End PBXResourcesBuildPhase section */

/* Begin PBXSourcesBuildPhase section */
		FA17B7E729FA3C23000543BF /* Sources */ = {
			isa = PBXSourcesBuildPhase;
			buildActionMask = 2147483647;
			files = (
				FA17B81729FA9071000543BF /* CountryCellConfiguration.swift in Sources */,
				FA17B7EF29FA3C23000543BF /* AppDelegate.swift in Sources */,
				FA17B80A29FA5BC4000543BF /* String+Utils.swift in Sources */,
				FA17B7F129FA3C23000543BF /* SceneDelegate.swift in Sources */,
				FA2231D629FC6AC900CB44FB /* CountryDetailsProviderMock.swift in Sources */,
				FA2231BE29FC0C2100CB44FB /* UIApplication+KeyWindow.m in Sources */,
				FA2231B229FBECE000CB44FB /* CountriesRefreshController.swift in Sources */,
				FA2231C729FC161E00CB44FB /* CountryDetailsProvider.swift in Sources */,
				FA17B80329FA3DF2000543BF /* CountriesViewController.swift in Sources */,
				FA2231C129FC13E400CB44FB /* CountryDetailsViewController.swift in Sources */,
				FA2231CA29FC1A2900CB44FB /* BackendClient.swift in Sources */,
				FA17B80629FA4094000543BF /* CountryCellContent.swift in Sources */,
				FA2231C429FC144F00CB44FB /* CountryDetailsConfig.swift in Sources */,
				FA17B81929FA90CF000543BF /* CountryBasicInfo.swift in Sources */,
				FA17B82B29FABC49000543BF /* PreviewUtils.swift in Sources */,
				FA2231CE29FC421300CB44FB /* CountryDetailsView.swift in Sources */,
				FA17B80D29FA6785000543BF /* CountryListProvider.swift in Sources */,
				FA17B81B29FA91E1000543BF /* CountriesViewController+DataSource.swift in Sources */,
				FA17B81329FA7EEB000543BF /* CountryListProviderMock.swift in Sources */,
				FA2231B629FBF05500CB44FB /* PopupNotification.m in Sources */,
			);
			runOnlyForDeploymentPostprocessing = 0;
		};
		FA17B81C29FABB83000543BF /* Sources */ = {
			isa = PBXSourcesBuildPhase;
			buildActionMask = 2147483647;
			files = (
				FA17B82329FABB83000543BF /* FoapTestTests.swift in Sources */,
				FA2231AC29FB82B200CB44FB /* CountriesAPITests.swift in Sources */,
			);
			runOnlyForDeploymentPostprocessing = 0;
		};
/* End PBXSourcesBuildPhase section */

/* Begin PBXTargetDependency section */
		FA17B82529FABB83000543BF /* PBXTargetDependency */ = {
			isa = PBXTargetDependency;
			target = FA17B7EA29FA3C23000543BF /* FoapTest */;
			targetProxy = FA17B82429FABB83000543BF /* PBXContainerItemProxy */;
		};
/* End PBXTargetDependency section */

/* Begin PBXVariantGroup section */
		FA17B7F429FA3C23000543BF /* Main.storyboard */ = {
			isa = PBXVariantGroup;
			children = (
				FA17B7F529FA3C23000543BF /* Base */,
			);
			name = Main.storyboard;
			sourceTree = "<group>";
		};
		FA17B7F929FA3C25000543BF /* LaunchScreen.storyboard */ = {
			isa = PBXVariantGroup;
			children = (
				FA17B7FA29FA3C25000543BF /* Base */,
			);
			name = LaunchScreen.storyboard;
			sourceTree = "<group>";
		};
/* End PBXVariantGroup section */

/* Begin XCBuildConfiguration section */
		FA17B7FD29FA3C25000543BF /* Debug */ = {
			isa = XCBuildConfiguration;
			buildSettings = {
				ALWAYS_SEARCH_USER_PATHS = NO;
				CLANG_ANALYZER_NONNULL = YES;
				CLANG_ANALYZER_NUMBER_OBJECT_CONVERSION = YES_AGGRESSIVE;
				CLANG_CXX_LANGUAGE_STANDARD = "gnu++20";
				CLANG_ENABLE_MODULES = YES;
				CLANG_ENABLE_OBJC_ARC = YES;
				CLANG_ENABLE_OBJC_WEAK = YES;
				CLANG_WARN_BLOCK_CAPTURE_AUTORELEASING = YES;
				CLANG_WARN_BOOL_CONVERSION = YES;
				CLANG_WARN_COMMA = YES;
				CLANG_WARN_CONSTANT_CONVERSION = YES;
				CLANG_WARN_DEPRECATED_OBJC_IMPLEMENTATIONS = YES;
				CLANG_WARN_DIRECT_OBJC_ISA_USAGE = YES_ERROR;
				CLANG_WARN_DOCUMENTATION_COMMENTS = YES;
				CLANG_WARN_EMPTY_BODY = YES;
				CLANG_WARN_ENUM_CONVERSION = YES;
				CLANG_WARN_INFINITE_RECURSION = YES;
				CLANG_WARN_INT_CONVERSION = YES;
				CLANG_WARN_NON_LITERAL_NULL_CONVERSION = YES;
				CLANG_WARN_OBJC_IMPLICIT_RETAIN_SELF = YES;
				CLANG_WARN_OBJC_LITERAL_CONVERSION = YES;
				CLANG_WARN_OBJC_ROOT_CLASS = YES_ERROR;
				CLANG_WARN_QUOTED_INCLUDE_IN_FRAMEWORK_HEADER = YES;
				CLANG_WARN_RANGE_LOOP_ANALYSIS = YES;
				CLANG_WARN_STRICT_PROTOTYPES = YES;
				CLANG_WARN_SUSPICIOUS_MOVE = YES;
				CLANG_WARN_UNGUARDED_AVAILABILITY = YES_AGGRESSIVE;
				CLANG_WARN_UNREACHABLE_CODE = YES;
				CLANG_WARN__DUPLICATE_METHOD_MATCH = YES;
				COPY_PHASE_STRIP = NO;
				DEBUG_INFORMATION_FORMAT = dwarf;
				ENABLE_STRICT_OBJC_MSGSEND = YES;
				ENABLE_TESTABILITY = YES;
				GCC_C_LANGUAGE_STANDARD = gnu11;
				GCC_DYNAMIC_NO_PIC = NO;
				GCC_NO_COMMON_BLOCKS = YES;
				GCC_OPTIMIZATION_LEVEL = 0;
				GCC_PREPROCESSOR_DEFINITIONS = (
					"DEBUG=1",
					"$(inherited)",
				);
				GCC_WARN_64_TO_32_BIT_CONVERSION = YES;
				GCC_WARN_ABOUT_RETURN_TYPE = YES_ERROR;
				GCC_WARN_UNDECLARED_SELECTOR = YES;
				GCC_WARN_UNINITIALIZED_AUTOS = YES_AGGRESSIVE;
				GCC_WARN_UNUSED_FUNCTION = YES;
				GCC_WARN_UNUSED_VARIABLE = YES;
				IPHONEOS_DEPLOYMENT_TARGET = 15.0;
				MTL_ENABLE_DEBUG_INFO = INCLUDE_SOURCE;
				MTL_FAST_MATH = YES;
				ONLY_ACTIVE_ARCH = YES;
				SDKROOT = iphoneos;
				SWIFT_ACTIVE_COMPILATION_CONDITIONS = DEBUG;
				SWIFT_OPTIMIZATION_LEVEL = "-Onone";
			};
			name = Debug;
		};
		FA17B7FE29FA3C25000543BF /* Release */ = {
			isa = XCBuildConfiguration;
			buildSettings = {
				ALWAYS_SEARCH_USER_PATHS = NO;
				CLANG_ANALYZER_NONNULL = YES;
				CLANG_ANALYZER_NUMBER_OBJECT_CONVERSION = YES_AGGRESSIVE;
				CLANG_CXX_LANGUAGE_STANDARD = "gnu++20";
				CLANG_ENABLE_MODULES = YES;
				CLANG_ENABLE_OBJC_ARC = YES;
				CLANG_ENABLE_OBJC_WEAK = YES;
				CLANG_WARN_BLOCK_CAPTURE_AUTORELEASING = YES;
				CLANG_WARN_BOOL_CONVERSION = YES;
				CLANG_WARN_COMMA = YES;
				CLANG_WARN_CONSTANT_CONVERSION = YES;
				CLANG_WARN_DEPRECATED_OBJC_IMPLEMENTATIONS = YES;
				CLANG_WARN_DIRECT_OBJC_ISA_USAGE = YES_ERROR;
				CLANG_WARN_DOCUMENTATION_COMMENTS = YES;
				CLANG_WARN_EMPTY_BODY = YES;
				CLANG_WARN_ENUM_CONVERSION = YES;
				CLANG_WARN_INFINITE_RECURSION = YES;
				CLANG_WARN_INT_CONVERSION = YES;
				CLANG_WARN_NON_LITERAL_NULL_CONVERSION = YES;
				CLANG_WARN_OBJC_IMPLICIT_RETAIN_SELF = YES;
				CLANG_WARN_OBJC_LITERAL_CONVERSION = YES;
				CLANG_WARN_OBJC_ROOT_CLASS = YES_ERROR;
				CLANG_WARN_QUOTED_INCLUDE_IN_FRAMEWORK_HEADER = YES;
				CLANG_WARN_RANGE_LOOP_ANALYSIS = YES;
				CLANG_WARN_STRICT_PROTOTYPES = YES;
				CLANG_WARN_SUSPICIOUS_MOVE = YES;
				CLANG_WARN_UNGUARDED_AVAILABILITY = YES_AGGRESSIVE;
				CLANG_WARN_UNREACHABLE_CODE = YES;
				CLANG_WARN__DUPLICATE_METHOD_MATCH = YES;
				COPY_PHASE_STRIP = NO;
				DEBUG_INFORMATION_FORMAT = "dwarf-with-dsym";
				ENABLE_NS_ASSERTIONS = NO;
				ENABLE_STRICT_OBJC_MSGSEND = YES;
				GCC_C_LANGUAGE_STANDARD = gnu11;
				GCC_NO_COMMON_BLOCKS = YES;
				GCC_WARN_64_TO_32_BIT_CONVERSION = YES;
				GCC_WARN_ABOUT_RETURN_TYPE = YES_ERROR;
				GCC_WARN_UNDECLARED_SELECTOR = YES;
				GCC_WARN_UNINITIALIZED_AUTOS = YES_AGGRESSIVE;
				GCC_WARN_UNUSED_FUNCTION = YES;
				GCC_WARN_UNUSED_VARIABLE = YES;
				IPHONEOS_DEPLOYMENT_TARGET = 15.0;
				MTL_ENABLE_DEBUG_INFO = NO;
				MTL_FAST_MATH = YES;
				SDKROOT = iphoneos;
				SWIFT_COMPILATION_MODE = wholemodule;
				SWIFT_OPTIMIZATION_LEVEL = "-O";
				VALIDATE_PRODUCT = YES;
			};
			name = Release;
		};
		FA17B80029FA3C25000543BF /* Debug */ = {
			isa = XCBuildConfiguration;
			buildSettings = {
				ASSETCATALOG_COMPILER_APPICON_NAME = AppIcon;
				ASSETCATALOG_COMPILER_GLOBAL_ACCENT_COLOR_NAME = AccentColor;
				CLANG_ENABLE_MODULES = YES;
				CODE_SIGN_STYLE = Automatic;
				CURRENT_PROJECT_VERSION = 1;
				DEVELOPMENT_ASSET_PATHS = "\"FoapTest/Preview Content\"";
				DEVELOPMENT_TEAM = 2QU35J8G95;
				GENERATE_INFOPLIST_FILE = YES;
				INFOPLIST_FILE = FoapTest/Info.plist;
				INFOPLIST_KEY_UIApplicationSupportsIndirectInputEvents = YES;
				INFOPLIST_KEY_UILaunchStoryboardName = LaunchScreen;
				INFOPLIST_KEY_UIMainStoryboardFile = Main;
				INFOPLIST_KEY_UISupportedInterfaceOrientations_iPad = "UIInterfaceOrientationPortrait UIInterfaceOrientationPortraitUpsideDown UIInterfaceOrientationLandscapeLeft UIInterfaceOrientationLandscapeRight";
				INFOPLIST_KEY_UISupportedInterfaceOrientations_iPhone = "UIInterfaceOrientationPortrait UIInterfaceOrientationLandscapeLeft UIInterfaceOrientationLandscapeRight";
				LD_RUNPATH_SEARCH_PATHS = (
					"$(inherited)",
					"@executable_path/Frameworks",
				);
				MARKETING_VERSION = 1.0;
				PRODUCT_BUNDLE_IDENTIFIER = com.dopaminecode.FoapTest;
				PRODUCT_NAME = "$(TARGET_NAME)";
				SWIFT_EMIT_LOC_STRINGS = YES;
				SWIFT_OBJC_BRIDGING_HEADER = "FoapTest/FoapTest-Bridging-Header.h";
				SWIFT_OPTIMIZATION_LEVEL = "-Onone";
				SWIFT_VERSION = 5.0;
				TARGETED_DEVICE_FAMILY = "1,2";
			};
			name = Debug;
		};
		FA17B80129FA3C25000543BF /* Release */ = {
			isa = XCBuildConfiguration;
			buildSettings = {
				ASSETCATALOG_COMPILER_APPICON_NAME = AppIcon;
				ASSETCATALOG_COMPILER_GLOBAL_ACCENT_COLOR_NAME = AccentColor;
				CLANG_ENABLE_MODULES = YES;
				CODE_SIGN_STYLE = Automatic;
				CURRENT_PROJECT_VERSION = 1;
				DEVELOPMENT_ASSET_PATHS = "\"FoapTest/Preview Content\"";
				DEVELOPMENT_TEAM = 2QU35J8G95;
				GENERATE_INFOPLIST_FILE = YES;
				INFOPLIST_FILE = FoapTest/Info.plist;
				INFOPLIST_KEY_UIApplicationSupportsIndirectInputEvents = YES;
				INFOPLIST_KEY_UILaunchStoryboardName = LaunchScreen;
				INFOPLIST_KEY_UIMainStoryboardFile = Main;
				INFOPLIST_KEY_UISupportedInterfaceOrientations_iPad = "UIInterfaceOrientationPortrait UIInterfaceOrientationPortraitUpsideDown UIInterfaceOrientationLandscapeLeft UIInterfaceOrientationLandscapeRight";
				INFOPLIST_KEY_UISupportedInterfaceOrientations_iPhone = "UIInterfaceOrientationPortrait UIInterfaceOrientationLandscapeLeft UIInterfaceOrientationLandscapeRight";
				LD_RUNPATH_SEARCH_PATHS = (
					"$(inherited)",
					"@executable_path/Frameworks",
				);
				MARKETING_VERSION = 1.0;
				PRODUCT_BUNDLE_IDENTIFIER = com.dopaminecode.FoapTest;
				PRODUCT_NAME = "$(TARGET_NAME)";
				SWIFT_EMIT_LOC_STRINGS = YES;
				SWIFT_OBJC_BRIDGING_HEADER = "FoapTest/FoapTest-Bridging-Header.h";
				SWIFT_VERSION = 5.0;
				TARGETED_DEVICE_FAMILY = "1,2";
			};
			name = Release;
		};
		FA17B82629FABB84000543BF /* Debug */ = {
			isa = XCBuildConfiguration;
			buildSettings = {
				BUNDLE_LOADER = "$(TEST_HOST)";
				CODE_SIGN_STYLE = Automatic;
				CURRENT_PROJECT_VERSION = 1;
				DEVELOPMENT_TEAM = 2QU35J8G95;
				GENERATE_INFOPLIST_FILE = YES;
				IPHONEOS_DEPLOYMENT_TARGET = 15.0;
				MARKETING_VERSION = 1.0;
				PRODUCT_BUNDLE_IDENTIFIER = com.dopaminecode.FoapTestTests;
				PRODUCT_NAME = "$(TARGET_NAME)";
				SWIFT_EMIT_LOC_STRINGS = NO;
				SWIFT_VERSION = 5.0;
				TARGETED_DEVICE_FAMILY = "1,2";
				TEST_HOST = "$(BUILT_PRODUCTS_DIR)/FoapTest.app/$(BUNDLE_EXECUTABLE_FOLDER_PATH)/FoapTest";
			};
			name = Debug;
		};
		FA17B82729FABB84000543BF /* Release */ = {
			isa = XCBuildConfiguration;
			buildSettings = {
				BUNDLE_LOADER = "$(TEST_HOST)";
				CODE_SIGN_STYLE = Automatic;
				CURRENT_PROJECT_VERSION = 1;
				DEVELOPMENT_TEAM = 2QU35J8G95;
				GENERATE_INFOPLIST_FILE = YES;
				IPHONEOS_DEPLOYMENT_TARGET = 15.0;
				MARKETING_VERSION = 1.0;
				PRODUCT_BUNDLE_IDENTIFIER = com.dopaminecode.FoapTestTests;
				PRODUCT_NAME = "$(TARGET_NAME)";
				SWIFT_EMIT_LOC_STRINGS = NO;
				SWIFT_VERSION = 5.0;
				TARGETED_DEVICE_FAMILY = "1,2";
				TEST_HOST = "$(BUILT_PRODUCTS_DIR)/FoapTest.app/$(BUNDLE_EXECUTABLE_FOLDER_PATH)/FoapTest";
			};
			name = Release;
		};
/* End XCBuildConfiguration section */

/* Begin XCConfigurationList section */
		FA17B7E629FA3C23000543BF /* Build configuration list for PBXProject "FoapTest" */ = {
			isa = XCConfigurationList;
			buildConfigurations = (
				FA17B7FD29FA3C25000543BF /* Debug */,
				FA17B7FE29FA3C25000543BF /* Release */,
			);
			defaultConfigurationIsVisible = 0;
			defaultConfigurationName = Release;
		};
		FA17B7FF29FA3C25000543BF /* Build configuration list for PBXNativeTarget "FoapTest" */ = {
			isa = XCConfigurationList;
			buildConfigurations = (
				FA17B80029FA3C25000543BF /* Debug */,
				FA17B80129FA3C25000543BF /* Release */,
			);
			defaultConfigurationIsVisible = 0;
			defaultConfigurationName = Release;
		};
		FA17B82829FABB84000543BF /* Build configuration list for PBXNativeTarget "FoapTestTests" */ = {
			isa = XCConfigurationList;
			buildConfigurations = (
				FA17B82629FABB84000543BF /* Debug */,
				FA17B82729FABB84000543BF /* Release */,
			);
			defaultConfigurationIsVisible = 0;
			defaultConfigurationName = Release;
		};
/* End XCConfigurationList section */

/* Begin XCRemoteSwiftPackageReference section */
		FA56804E29FAF47200416F0F /* XCRemoteSwiftPackageReference "apollo-ios" */ = {
			isa = XCRemoteSwiftPackageReference;
			repositoryURL = "https://github.com/apollographql/apollo-ios";
			requirement = {
				kind = upToNextMajorVersion;
				minimumVersion = 1.0.0;
			};
		};
/* End XCRemoteSwiftPackageReference section */

/* Begin XCSwiftPackageProductDependency section */
		FA2231A929FB821A00CB44FB /* CountriesAPI */ = {
			isa = XCSwiftPackageProductDependency;
			productName = CountriesAPI;
		};
		FA2231AF29FB88B500CB44FB /* CountriesAPITestMocks */ = {
			isa = XCSwiftPackageProductDependency;
			productName = CountriesAPITestMocks;
		};
		FA2231D329FC63D700CB44FB /* CountriesAPITestMocks */ = {
			isa = XCSwiftPackageProductDependency;
			productName = CountriesAPITestMocks;
		};
		FA56804F29FAF47200416F0F /* Apollo */ = {
			isa = XCSwiftPackageProductDependency;
			package = FA56804E29FAF47200416F0F /* XCRemoteSwiftPackageReference "apollo-ios" */;
			productName = Apollo;
		};
/* End XCSwiftPackageProductDependency section */
	};
	rootObject = FA17B7E329FA3C23000543BF /* Project object */;
}
